
Microsoft Visual Studio Solution File, Format Version 12.00
# Visual Studio Version 17
VisualStudioVersion = 17.13.35825.156 d17.13
MinimumVisualStudioVersion = 10.0.40219.1
Project("{FAE04EC0-301F-11D3-BF4B-00C04F79EFBC}") = "MovieCatalog", "MovieCatalog\MovieCatalog.csproj", "{360377D3-53E5-484A-B22F-02C9A257D454}"
EndProject
Global
	GlobalSection(SolutionConfigurationPlatforms) = preSolution
		Debug|Any CPU = Debug|Any CPU
		Release|Any CPU = Release|Any CPU
	EndGlobalSection
	GlobalSection(ProjectConfigurationPlatforms) = postSolution
		{360377D3-53E5-484A-B22F-02C9A257D454}.Debug|Any CPU.ActiveCfg = Debug|Any CPU
		{360377D3-53E5-484A-B22F-02C9A257D454}.Debug|Any CPU.Build.0 = Debug|Any CPU
		{360377D3-53E5-484A-B22F-02C9A257D454}.Release|Any CPU.ActiveCfg = Release|Any CPU
		{360377D3-53E5-484A-B22F-02C9A257D454}.Release|Any CPU.Build.0 = Release|Any CPU
	EndGlobalSection
	GlobalSection(SolutionProperties) = preSolution
		HideSolutionNode = FALSE
	EndGlobalSection
	GlobalSection(ExtensibilityGlobals) = postSolution
		SolutionGuid = {84640335-47FC-4CDE-BFFF-D546F6BBEF73}
	EndGlobalSection
EndGlobal
